// !$*UTF8*$!
{
	archiveVersion = 1;
	classes = {
	};
	objectVersion = 55;
	objects = {

/* Begin PBXBuildFile section */
		C15839D72813A998007854AD /* AnimationGraphicAppApp.swift in Sources */ = {isa = PBXBuildFile; fileRef = C15839D62813A998007854AD /* AnimationGraphicAppApp.swift */; };
		C15839D92813A998007854AD /* BackBear.swift in Sources */ = {isa = PBXBuildFile; fileRef = C15839D82813A998007854AD /* BackBear.swift */; };
		C15839DB2813A99A007854AD /* Assets.xcassets in Resources */ = {isa = PBXBuildFile; fileRef = C15839DA2813A99A007854AD /* Assets.xcassets */; };
		C15839DE2813A99A007854AD /* Preview Assets.xcassets in Resources */ = {isa = PBXBuildFile; fileRef = C15839DD2813A99A007854AD /* Preview Assets.xcassets */; };
		C15839E72813A9F8007854AD /* MainView.swift in Sources */ = {isa = PBXBuildFile; fileRef = C15839E62813A9F8007854AD /* MainView.swift */; };
		C1AA93B0281571930056DF09 /* LegBear.swift in Sources */ = {isa = PBXBuildFile; fileRef = C1AA93AF281571930056DF09 /* LegBear.swift */; };
		C1AA93B2281579950056DF09 /* BearView.swift in Sources */ = {isa = PBXBuildFile; fileRef = C1AA93B1281579950056DF09 /* BearView.swift */; };
		C1AA93B42816397F0056DF09 /* HeadBear.swift in Sources */ = {isa = PBXBuildFile; fileRef = C1AA93B32816397F0056DF09 /* HeadBear.swift */; };
		C1AA93B628163E860056DF09 /* FaceBear.swift in Sources */ = {isa = PBXBuildFile; fileRef = C1AA93B528163E860056DF09 /* FaceBear.swift */; };
/* End PBXBuildFile section */

/* Begin PBXFileReference section */
		C15839D32813A998007854AD /* AnimationGraphicApp.app */ = {isa = PBXFileReference; explicitFileType = wrapper.application; includeInIndex = 0; path = AnimationGraphicApp.app; sourceTree = BUILT_PRODUCTS_DIR; };
		C15839D62813A998007854AD /* AnimationGraphicAppApp.swift */ = {isa = PBXFileReference; lastKnownFileType = sourcecode.swift; path = AnimationGraphicAppApp.swift; sourceTree = "<group>"; };
		C15839D82813A998007854AD /* BackBear.swift */ = {isa = PBXFileReference; lastKnownFileType = sourcecode.swift; path = BackBear.swift; sourceTree = "<group>"; };
		C15839DA2813A99A007854AD /* Assets.xcassets */ = {isa = PBXFileReference; lastKnownFileType = folder.assetcatalog; path = Assets.xcassets; sourceTree = "<group>"; };
		C15839DD2813A99A007854AD /* Preview Assets.xcassets */ = {isa = PBXFileReference; lastKnownFileType = folder.assetcatalog; path = "Preview Assets.xcassets"; sourceTree = "<group>"; };
		C15839E62813A9F8007854AD /* MainView.swift */ = {isa = PBXFileReference; lastKnownFileType = sourcecode.swift; path = MainView.swift; sourceTree = "<group>"; };
		C1AA93AF281571930056DF09 /* LegBear.swift */ = {isa = PBXFileReference; lastKnownFileType = sourcecode.swift; path = LegBear.swift; sourceTree = "<group>"; };
		C1AA93B1281579950056DF09 /* BearView.swift */ = {isa = PBXFileReference; lastKnownFileType = sourcecode.swift; path = BearView.swift; sourceTree = "<group>"; };
		C1AA93B32816397F0056DF09 /* HeadBear.swift */ = {isa = PBXFileReference; lastKnownFileType = sourcecode.swift; path = HeadBear.swift; sourceTree = "<group>"; };
		C1AA93B528163E860056DF09 /* FaceBear.swift */ = {isa = PBXFileReference; lastKnownFileType = sourcecode.swift; path = FaceBear.swift; sourceTree = "<group>"; };
/* End PBXFileReference section */

/* Begin PBXFrameworksBuildPhase section */
		C15839D02813A998007854AD /* Frameworks */ = {
			isa = PBXFrameworksBuildPhase;
			buildActionMask = 2147483647;
			files = (
			);
			runOnlyForDeploymentPostprocessing = 0;
		};
/* End PBXFrameworksBuildPhase section */

/* Begin PBXGroup section */
		C15839CA2813A998007854AD = {
			isa = PBXGroup;
			children = (
				C15839D52813A998007854AD /* AnimationGraphicApp */,
				C15839D42813A998007854AD /* Products */,
			);
			sourceTree = "<group>";
		};
		C15839D42813A998007854AD /* Products */ = {
			isa = PBXGroup;
			children = (
				C15839D32813A998007854AD /* AnimationGraphicApp.app */,
			);
			name = Products;
			sourceTree = "<group>";
		};
		C15839D52813A998007854AD /* AnimationGraphicApp */ = {
			isa = PBXGroup;
			children = (
				C15839D62813A998007854AD /* AnimationGraphicAppApp.swift */,
				C15839E62813A9F8007854AD /* MainView.swift */,
				C1AA93B1281579950056DF09 /* BearView.swift */,
				C15839D82813A998007854AD /* BackBear.swift */,
				C1AA93B528163E860056DF09 /* FaceBear.swift */,
				C1AA93AF281571930056DF09 /* LegBear.swift */,
				C1AA93B32816397F0056DF09 /* HeadBear.swift */,
				C15839DA2813A99A007854AD /* Assets.xcassets */,
				C15839DC2813A99A007854AD /* Preview Content */,
			);
			path = AnimationGraphicApp;
			sourceTree = "<group>";
		};
		C15839DC2813A99A007854AD /* Preview Content */ = {
			isa = PBXGroup;
			children = (
				C15839DD2813A99A007854AD /* Preview Assets.xcassets */,
			);
			path = "Preview Content";
			sourceTree = "<group>";
		};
/* End PBXGroup section */

/* Begin PBXNativeTarget section */
		C15839D22813A998007854AD /* AnimationGraphicApp */ = {
			isa = PBXNativeTarget;
			buildConfigurationList = C15839E12813A99A007854AD /* Build configuration list for PBXNativeTarget "AnimationGraphicApp" */;
			buildPhases = (
				C15839CF2813A998007854AD /* Sources */,
				C15839D02813A998007854AD /* Frameworks */,
				C15839D12813A998007854AD /* Resources */,
			);
			buildRules = (
			);
			dependencies = (
			);
			name = AnimationGraphicApp;
			productName = AnimationGraphicApp;
			productReference = C15839D32813A998007854AD /* AnimationGraphicApp.app */;
			productType = "com.apple.product-type.application";
		};
/* End PBXNativeTarget section */

/* Begin PBXProject section */
		C15839CB2813A998007854AD /* Project object */ = {
			isa = PBXProject;
			attributes = {
				BuildIndependentTargetsInParallel = 1;
				LastSwiftUpdateCheck = 1330;
				LastUpgradeCheck = 1330;
				TargetAttributes = {
					C15839D22813A998007854AD = {
						CreatedOnToolsVersion = 13.3;
					};
				};
			};
			buildConfigurationList = C15839CE2813A998007854AD /* Build configuration list for PBXProject "AnimationGraphicApp" */;
			compatibilityVersion = "Xcode 13.0";
			developmentRegion = en;
			hasScannedForEncodings = 0;
			knownRegions = (
				en,
				Base,
			);
			mainGroup = C15839CA2813A998007854AD;
			productRefGroup = C15839D42813A998007854AD /* Products */;
			projectDirPath = "";
			projectRoot = "";
			targets = (
				C15839D22813A998007854AD /* AnimationGraphicApp */,
			);
		};
/* End PBXProject section */

/* Begin PBXResourcesBuildPhase section */
		C15839D12813A998007854AD /* Resources */ = {
			isa = PBXResourcesBuildPhase;
			buildActionMask = 2147483647;
			files = (
				C15839DE2813A99A007854AD /* Preview Assets.xcassets in Resources */,
				C15839DB2813A99A007854AD /* Assets.xcassets in Resources */,
			);
			runOnlyForDeploymentPostprocessing = 0;
		};
/* End PBXResourcesBuildPhase section */

/* Begin PBXSourcesBuildPhase section */
		C15839CF2813A998007854AD /* Sources */ = {
			isa = PBXSourcesBuildPhase;
			buildActionMask = 2147483647;
			files = (
				C15839D92813A998007854AD /* BackBear.swift in Sources */,
				C15839E72813A9F8007854AD /* MainView.swift in Sources */,
				C1AA93B628163E860056DF09 /* FaceBear.swift in Sources */,
				C1AA93B0281571930056DF09 /* LegBear.swift in Sources */,
				C1AA93B42816397F0056DF09 /* HeadBear.swift in Sources */,
				C15839D72813A998007854AD /* AnimationGraphicAppApp.swift in Sources */,
				C1AA93B2281579950056DF09 /* BearView.swift in Sources */,
			);
			runOnlyForDeploymentPostprocessing = 0;
		};
/* End PBXSourcesBuildPhase section */

/* Begin XCBuildConfiguration section */
		C15839DF2813A99A007854AD /* Debug */ = {
			isa = XCBuildConfiguration;
			buildSettings = {
				ALWAYS_SEARCH_USER_PATHS = NO;
				CLANG_ANALYZER_NONNULL = YES;
				CLANG_ANALYZER_NUMBER_OBJECT_CONVERSION = YES_AGGRESSIVE;
				CLANG_CXX_LANGUAGE_STANDARD = "gnu++17";
				CLANG_ENABLE_MODULES = YES;
				CLANG_ENABLE_OBJC_ARC = YES;
				CLANG_ENABLE_OBJC_WEAK = YES;
				CLANG_WARN_BLOCK_CAPTURE_AUTORELEASING = YES;
				CLANG_WARN_BOOL_CONVERSION = YES;
				CLANG_WARN_COMMA = YES;
				CLANG_WARN_CONSTANT_CONVERSION = YES;
				CLANG_WARN_DEPRECATED_OBJC_IMPLEMENTATIONS = YES;
				CLANG_WARN_DIRECT_OBJC_ISA_USAGE = YES_ERROR;
				CLANG_WARN_DOCUMENTATION_COMMENTS = YES;
				CLANG_WARN_EMPTY_BODY = YES;
				CLANG_WARN_ENUM_CONVERSION = YES;
				CLANG_WARN_INFINITE_RECURSION = YES;
				CLANG_WARN_INT_CONVERSION = YES;
				CLANG_WARN_NON_LITERAL_NULL_CONVERSION = YES;
				CLANG_WARN_OBJC_IMPLICIT_RETAIN_SELF = YES;
				CLANG_WARN_OBJC_LITERAL_CONVERSION = YES;
				CLANG_WARN_OBJC_ROOT_CLASS = YES_ERROR;
				CLANG_WARN_QUOTED_INCLUDE_IN_FRAMEWORK_HEADER = YES;
				CLANG_WARN_RANGE_LOOP_ANALYSIS = YES;
				CLANG_WARN_STRICT_PROTOTYPES = YES;
				CLANG_WARN_SUSPICIOUS_MOVE = YES;
				CLANG_WARN_UNGUARDED_AVAILABILITY = YES_AGGRESSIVE;
				CLANG_WARN_UNREACHABLE_CODE = YES;
				CLANG_WARN__DUPLICATE_METHOD_MATCH = YES;
				COPY_PHASE_STRIP = NO;
				DEBUG_INFORMATION_FORMAT = dwarf;
				ENABLE_STRICT_OBJC_MSGSEND = YES;
				ENABLE_TESTABILITY = YES;
				GCC_C_LANGUAGE_STANDARD = gnu11;
				GCC_DYNAMIC_NO_PIC = NO;
				GCC_NO_COMMON_BLOCKS = YES;
				GCC_OPTIMIZATION_LEVEL = 0;
				GCC_PREPROCESSOR_DEFINITIONS = (
					"DEBUG=1",
					"$(inherited)",
				);
				GCC_WARN_64_TO_32_BIT_CONVERSION = YES;
				GCC_WARN_ABOUT_RETURN_TYPE = YES_ERROR;
				GCC_WARN_UNDECLARED_SELECTOR = YES;
				GCC_WARN_UNINITIALIZED_AUTOS = YES_AGGRESSIVE;
				GCC_WARN_UNUSED_FUNCTION = YES;
				GCC_WARN_UNUSED_VARIABLE = YES;
				IPHONEOS_DEPLOYMENT_TARGET = 15.4;
				MTL_ENABLE_DEBUG_INFO = INCLUDE_SOURCE;
				MTL_FAST_MATH = YES;
				ONLY_ACTIVE_ARCH = YES;
				SDKROOT = iphoneos;
				SWIFT_ACTIVE_COMPILATION_CONDITIONS = DEBUG;
				SWIFT_OPTIMIZATION_LEVEL = "-Onone";
			};
			name = Debug;
		};
		C15839E02813A99A007854AD /* Release */ = {
			isa = XCBuildConfiguration;
			buildSettings = {
				ALWAYS_SEARCH_USER_PATHS = NO;
				CLANG_ANALYZER_NONNULL = YES;
				CLANG_ANALYZER_NUMBER_OBJECT_CONVERSION = YES_AGGRESSIVE;
				CLANG_CXX_LANGUAGE_STANDARD = "gnu++17";
				CLANG_ENABLE_MODULES = YES;
				CLANG_ENABLE_OBJC_ARC = YES;
				CLANG_ENABLE_OBJC_WEAK = YES;
				CLANG_WARN_BLOCK_CAPTURE_AUTORELEASING = YES;
				CLANG_WARN_BOOL_CONVERSION = YES;
				CLANG_WARN_COMMA = YES;
				CLANG_WARN_CONSTANT_CONVERSION = YES;
				CLANG_WARN_DEPRECATED_OBJC_IMPLEMENTATIONS = YES;
				CLANG_WARN_DIRECT_OBJC_ISA_USAGE = YES_ERROR;
				CLANG_WARN_DOCUMENTATION_COMMENTS = YES;
				CLANG_WARN_EMPTY_BODY = YES;
				CLANG_WARN_ENUM_CONVERSION = YES;
				CLANG_WARN_INFINITE_RECURSION = YES;
				CLANG_WARN_INT_CONVERSION = YES;
				CLANG_WARN_NON_LITERAL_NULL_CONVERSION = YES;
				CLANG_WARN_OBJC_IMPLICIT_RETAIN_SELF = YES;
				CLANG_WARN_OBJC_LITERAL_CONVERSION = YES;
				CLANG_WARN_OBJC_ROOT_CLASS = YES_ERROR;
				CLANG_WARN_QUOTED_INCLUDE_IN_FRAMEWORK_HEADER = YES;
				CLANG_WARN_RANGE_LOOP_ANALYSIS = YES;
				CLANG_WARN_STRICT_PROTOTYPES = YES;
				CLANG_WARN_SUSPICIOUS_MOVE = YES;
				CLANG_WARN_UNGUARDED_AVAILABILITY = YES_AGGRESSIVE;
				CLANG_WARN_UNREACHABLE_CODE = YES;
				CLANG_WARN__DUPLICATE_METHOD_MATCH = YES;
				COPY_PHASE_STRIP = NO;
				DEBUG_INFORMATION_FORMAT = "dwarf-with-dsym";
				ENABLE_NS_ASSERTIONS = NO;
				ENABLE_STRICT_OBJC_MSGSEND = YES;
				GCC_C_LANGUAGE_STANDARD = gnu11;
				GCC_NO_COMMON_BLOCKS = YES;
				GCC_WARN_64_TO_32_BIT_CONVERSION = YES;
				GCC_WARN_ABOUT_RETURN_TYPE = YES_ERROR;
				GCC_WARN_UNDECLARED_SELECTOR = YES;
				GCC_WARN_UNINITIALIZED_AUTOS = YES_AGGRESSIVE;
				GCC_WARN_UNUSED_FUNCTION = YES;
				GCC_WARN_UNUSED_VARIABLE = YES;
				IPHONEOS_DEPLOYMENT_TARGET = 15.4;
				MTL_ENABLE_DEBUG_INFO = NO;
				MTL_FAST_MATH = YES;
				SDKROOT = iphoneos;
				SWIFT_COMPILATION_MODE = wholemodule;
				SWIFT_OPTIMIZATION_LEVEL = "-O";
				VALIDATE_PRODUCT = YES;
			};
			name = Release;
		};
		C15839E22813A99A007854AD /* Debug */ = {
			isa = XCBuildConfiguration;
			buildSettings = {
				ASSETCATALOG_COMPILER_APPICON_NAME = AppIcon;
				ASSETCATALOG_COMPILER_GLOBAL_ACCENT_COLOR_NAME = AccentColor;
				CODE_SIGN_STYLE = Automatic;
				CURRENT_PROJECT_VERSION = 1;
				DEVELOPMENT_ASSET_PATHS = "\"AnimationGraphicApp/Preview Content\"";
				DEVELOPMENT_TEAM = GJ8322288B;
				ENABLE_PREVIEWS = YES;
				GENERATE_INFOPLIST_FILE = YES;
				INFOPLIST_KEY_UIApplicationSceneManifest_Generation = YES;
				INFOPLIST_KEY_UIApplicationSupportsIndirectInputEvents = YES;
				INFOPLIST_KEY_UILaunchScreen_Generation = YES;
				INFOPLIST_KEY_UISupportedInterfaceOrientations_iPad = "UIInterfaceOrientationPortrait UIInterfaceOrientationPortraitUpsideDown UIInterfaceOrientationLandscapeLeft UIInterfaceOrientationLandscapeRight";
				INFOPLIST_KEY_UISupportedInterfaceOrientations_iPhone = "UIInterfaceOrientationPortrait UIInterfaceOrientationLandscapeLeft UIInterfaceOrientationLandscapeRight";
				LD_RUNPATH_SEARCH_PATHS = (
					"$(inherited)",
					"@executable_path/Frameworks",
				);
				MARKETING_VERSION = 1.0;
				PRODUCT_BUNDLE_IDENTIFIER = ru.swiftbook.AnimationGraphicApp;
				PRODUCT_NAME = "$(TARGET_NAME)";
				SWIFT_EMIT_LOC_STRINGS = YES;
				SWIFT_VERSION = 5.0;
				TARGETED_DEVICE_FAMILY = "1,2";
			};
			name = Debug;
		};
		C15839E32813A99A007854AD /* Release */ = {
			isa = XCBuildConfiguration;
			buildSettings = {
				ASSETCATALOG_COMPILER_APPICON_NAME = AppIcon;
				ASSETCATALOG_COMPILER_GLOBAL_ACCENT_COLOR_NAME = AccentColor;
				CODE_SIGN_STYLE = Automatic;
				CURRENT_PROJECT_VERSION = 1;
				DEVELOPMENT_ASSET_PATHS = "\"AnimationGraphicApp/Preview Content\"";
				DEVELOPMENT_TEAM = GJ8322288B;
				ENABLE_PREVIEWS = YES;
				GENERATE_INFOPLIST_FILE = YES;
				INFOPLIST_KEY_UIApplicationSceneManifest_Generation = YES;
				INFOPLIST_KEY_UIApplicationSupportsIndirectInputEvents = YES;
				INFOPLIST_KEY_UILaunchScreen_Generation = YES;
				INFOPLIST_KEY_UISupportedInterfaceOrientations_iPad = "UIInterfaceOrientationPortrait UIInterfaceOrientationPortraitUpsideDown UIInterfaceOrientationLandscapeLeft UIInterfaceOrientationLandscapeRight";
				INFOPLIST_KEY_UISupportedInterfaceOrientations_iPhone = "UIInterfaceOrientationPortrait UIInterfaceOrientationLandscapeLeft UIInterfaceOrientationLandscapeRight";
				LD_RUNPATH_SEARCH_PATHS = (
					"$(inherited)",
					"@executable_path/Frameworks",
				);
				MARKETING_VERSION = 1.0;
				PRODUCT_BUNDLE_IDENTIFIER = ru.swiftbook.AnimationGraphicApp;
				PRODUCT_NAME = "$(TARGET_NAME)";
				SWIFT_EMIT_LOC_STRINGS = YES;
				SWIFT_VERSION = 5.0;
				TARGETED_DEVICE_FAMILY = "1,2";
			};
			name = Release;
		};
/* End XCBuildConfiguration section */

/* Begin XCConfigurationList section */
		C15839CE2813A998007854AD /* Build configuration list for PBXProject "AnimationGraphicApp" */ = {
			isa = XCConfigurationList;
			buildConfigurations = (
				C15839DF2813A99A007854AD /* Debug */,
				C15839E02813A99A007854AD /* Release */,
			);
			defaultConfigurationIsVisible = 0;
			defaultConfigurationName = Release;
		};
		C15839E12813A99A007854AD /* Build configuration list for PBXNativeTarget "AnimationGraphicApp" */ = {
			isa = XCConfigurationList;
			buildConfigurations = (
				C15839E22813A99A007854AD /* Debug */,
				C15839E32813A99A007854AD /* Release */,
			);
			defaultConfigurationIsVisible = 0;
			defaultConfigurationName = Release;
		};
/* End XCConfigurationList section */
	};
	rootObject = C15839CB2813A998007854AD /* Project object */;
}
